
Microsoft Visual Studio Solution File, Format Version 11.00
# Visual Studio 2010
Project("{FAE04EC0-301F-11D3-BF4B-00C04F79EFBC}") = "GUI", "Main\GUI.csproj", "{EBEE4771-998F-4A9B-BD26-B60578AE462D}"
EndProject
Project("{FAE04EC0-301F-11D3-BF4B-00C04F79EFBC}") = "Host", "Host\Host.csproj", "{518A0A16-F2AC-4ABC-B991-BAF5F8D81EA0}"
EndProject
Global
	GlobalSection(SolutionConfigurationPlatforms) = preSolution
		Debug|Any CPU = Debug|Any CPU
		Debug|Mixed Platforms = Debug|Mixed Platforms
		Debug|x86 = Debug|x86
		Release|Any CPU = Release|Any CPU
		Release|Mixed Platforms = Release|Mixed Platforms
		Release|x86 = Release|x86
	EndGlobalSection
	GlobalSection(ProjectConfigurationPlatforms) = postSolution
		{EBEE4771-998F-4A9B-BD26-B60578AE462D}.Debug|Any CPU.ActiveCfg = Debug|x86
		{EBEE4771-998F-4A9B-BD26-B60578AE462D}.Debug|Mixed Platforms.ActiveCfg = Debug|x86
		{EBEE4771-998F-4A9B-BD26-B60578AE462D}.Debug|Mixed Platforms.Build.0 = Debug|x86
		{EBEE4771-998F-4A9B-BD26-B60578AE462D}.Debug|x86.ActiveCfg = Debug|x86
		{EBEE4771-998F-4A9B-BD26-B60578AE462D}.Debug|x86.Build.0 = Debug|x86
		{EBEE4771-998F-4A9B-BD26-B60578AE462D}.Release|Any CPU.ActiveCfg = Release|x86
		{EBEE4771-998F-4A9B-BD26-B60578AE462D}.Release|Mixed Platforms.ActiveCfg = Release|x86
		{EBEE4771-998F-4A9B-BD26-B60578AE462D}.Release|Mixed Platforms.Build.0 = Release|x86
		{EBEE4771-998F-4A9B-BD26-B60578AE462D}.Release|x86.ActiveCfg = Release|x86
		{EBEE4771-998F-4A9B-BD26-B60578AE462D}.Release|x86.Build.0 = Release|x86
		{518A0A16-F2AC-4ABC-B991-BAF5F8D81EA0}.Debug|Any CPU.ActiveCfg = Debug|Any CPU
		{518A0A16-F2AC-4ABC-B991-BAF5F8D81EA0}.Debug|Any CPU.Build.0 = Debug|Any CPU
		{518A0A16-F2AC-4ABC-B991-BAF5F8D81EA0}.Debug|Mixed Platforms.ActiveCfg = Debug|Any CPU
		{518A0A16-F2AC-4ABC-B991-BAF5F8D81EA0}.Debug|Mixed Platforms.Build.0 = Debug|Any CPU
		{518A0A16-F2AC-4ABC-B991-BAF5F8D81EA0}.Debug|x86.ActiveCfg = Debug|Any CPU
		{518A0A16-F2AC-4ABC-B991-BAF5F8D81EA0}.Release|Any CPU.ActiveCfg = Release|Any CPU
		{518A0A16-F2AC-4ABC-B991-BAF5F8D81EA0}.Release|Any CPU.Build.0 = Release|Any CPU
		{518A0A16-F2AC-4ABC-B991-BAF5F8D81EA0}.Release|Mixed Platforms.ActiveCfg = Release|Any CPU
		{518A0A16-F2AC-4ABC-B991-BAF5F8D81EA0}.Release|Mixed Platforms.Build.0 = Release|Any CPU
		{518A0A16-F2AC-4ABC-B991-BAF5F8D81EA0}.Release|x86.ActiveCfg = Release|Any CPU
	EndGlobalSection
	GlobalSection(SolutionProperties) = preSolution
		HideSolutionNode = FALSE
	EndGlobalSection
EndGlobal
